{
  "name": "arc-forge",
  "version": "0.1.0",
  "lockfileVersion": 3,
  "requires": true,
  "packages": {
    "": {
      "name": "arc-forge",
      "version": "0.1.0",
      "license": "MIT",
      "workspaces": [
        "packages/*"
      ]
    },
    "node_modules/acorn": {
      "version": "8.16.0",
      "resolved": "https://registry.npmjs.org/acorn/-/acorn-8.16.0.tgz",
      "integrity": "sha512-UVJyE9MttOsBQIDKw1skb9nAwQuR5wuGD3+82K6JgJlm/Y+KI92oNsMNGZCYdDsVtRHSak0pcV5Dno5+4jh9sw==",
      "license": "MIT",
      "bin": {
        "acorn": "bin/acorn"
      },
      "engines": {
        "node": ">=0.4.0"
      }
    },
    "node_modules/one-thing-functions": {
      "resolved": "packages/one-thing-functions",
      "link": true
    },
    "packages/one-thing-functions": {
      "version": "0.1.3",
      "license": "MIT",
      "dependencies": {
        "acorn": "^8.16.0"
      },
      "bin": {
        "one-thing-functions": "bin/one-thing-functions.mjs"
      },
      "engines": {
        "node": ">=20"
      }
    }
  }
}
